
Microsoft Visual Studio Solution File, Format Version 12.00
# Visual Studio Version 17
VisualStudioVersion = 17.7.34031.279
MinimumVisualStudioVersion = 10.0.40219.1
Project("{9A19103F-16F7-4668-BE54-9A1E7A4F7556}") = "Gym Management system", "Gym Management system\Gym Management system.csproj", "{B9D2A320-40FA-4623-96A5-71EEF596BAD0}"
EndProject
Global
	GlobalSection(SolutionConfigurationPlatforms) = preSolution
		Debug|Any CPU = Debug|Any CPU
		Release|Any CPU = Release|Any CPU
	EndGlobalSection
	GlobalSection(ProjectConfigurationPlatforms) = postSolution
		{B9D2A320-40FA-4623-96A5-71EEF596BAD0}.Debug|Any CPU.ActiveCfg = Debug|Any CPU
		{B9D2A320-40FA-4623-96A5-71EEF596BAD0}.Debug|Any CPU.Build.0 = Debug|Any CPU
		{B9D2A320-40FA-4623-96A5-71EEF596BAD0}.Release|Any CPU.ActiveCfg = Release|Any CPU
		{B9D2A320-40FA-4623-96A5-71EEF596BAD0}.Release|Any CPU.Build.0 = Release|Any CPU
	EndGlobalSection
	GlobalSection(SolutionProperties) = preSolution
		HideSolutionNode = FALSE
	EndGlobalSection
	GlobalSection(ExtensibilityGlobals) = postSolution
		SolutionGuid = {2842EA8D-F82C-4390-980F-15ABC6FF32E5}
	EndGlobalSection
EndGlobal
